
Microsoft Visual Studio Solution File, Format Version 12.00
# Visual Studio Version 17
VisualStudioVersion = 17.2.32526.322
MinimumVisualStudioVersion = 10.0.40219.1
Project("{FAE04EC0-301F-11D3-BF4B-00C04F79EFBC}") = "Read file", "Read file\Read file.csproj", "{2C75ABD3-B477-4BB4-A403-997CFEAE785B}"
EndProject
Global
	GlobalSection(SolutionConfigurationPlatforms) = preSolution
		Debug|Any CPU = Debug|Any CPU
		Release|Any CPU = Release|Any CPU
	EndGlobalSection
	GlobalSection(ProjectConfigurationPlatforms) = postSolution
		{2C75ABD3-B477-4BB4-A403-997CFEAE785B}.Debug|Any CPU.ActiveCfg = Debug|Any CPU
		{2C75ABD3-B477-4BB4-A403-997CFEAE785B}.Debug|Any CPU.Build.0 = Debug|Any CPU
		{2C75ABD3-B477-4BB4-A403-997CFEAE785B}.Release|Any CPU.ActiveCfg = Release|Any CPU
		{2C75ABD3-B477-4BB4-A403-997CFEAE785B}.Release|Any CPU.Build.0 = Release|Any CPU
	EndGlobalSection
	GlobalSection(SolutionProperties) = preSolution
		HideSolutionNode = FALSE
	EndGlobalSection
	GlobalSection(ExtensibilityGlobals) = postSolution
		SolutionGuid = {6E1B343C-FFDF-4447-A491-61E75AFDFF61}
	EndGlobalSection
EndGlobal
